{
  "name": "theoaksoft-api-client",
  "version": "1.0.4",
  "lockfileVersion": 1,
  "requires": true,
  "dependencies": {
    "fingerprintjs2": {
      "version": "2.0.6",
      "resolved": "https://registry.npmjs.org/fingerprintjs2/-/fingerprintjs2-2.0.6.tgz",
      "integrity": "sha512-ga84FInnM1gPc39rA88SPyHVdeGOc2soRGhLJQFOxANkeD792M97maGHBK3b8zoVM5tPULS0NvSJ4DM7DXkviA=="
    },
    "lodash": {
      "version": "4.17.11",
      "resolved": "https://registry.npmjs.org/lodash/-/lodash-4.17.11.tgz",
      "integrity": "sha512-cQKh8igo5QUhZ7lg38DYWAxMvjSAKG0A8wGSVimP07SIUEK2UO+arSRKbRZWtelMtN5V0Hkwh5ryOto/SshYIg=="
    }
  }
}
